
Microsoft Visual Studio Solution File, Format Version 12.00
# Visual Studio 15
VisualStudioVersion = 15.0.28307.438
MinimumVisualStudioVersion = 10.0.40219.1
Project("{8BC9CEB8-8B4A-11D0-8D11-00A0C91BC942}") = "week9-BlackjackChallenge", "week9-BlackjackChallenge\week9-BlackjackChallenge.vcxproj", "{3760165C-9740-4D63-9CDD-9E53DBA829A4}"
EndProject
Global
	GlobalSection(SolutionConfigurationPlatforms) = preSolution
		Debug|x64 = Debug|x64
		Debug|x86 = Debug|x86
		Release|x64 = Release|x64
		Release|x86 = Release|x86
	EndGlobalSection
	GlobalSection(ProjectConfigurationPlatforms) = postSolution
		{3760165C-9740-4D63-9CDD-9E53DBA829A4}.Debug|x64.ActiveCfg = Debug|x64
		{3760165C-9740-4D63-9CDD-9E53DBA829A4}.Debug|x64.Build.0 = Debug|x64
		{3760165C-9740-4D63-9CDD-9E53DBA829A4}.Debug|x86.ActiveCfg = Debug|Win32
		{3760165C-9740-4D63-9CDD-9E53DBA829A4}.Debug|x86.Build.0 = Debug|Win32
		{3760165C-9740-4D63-9CDD-9E53DBA829A4}.Release|x64.ActiveCfg = Release|x64
		{3760165C-9740-4D63-9CDD-9E53DBA829A4}.Release|x64.Build.0 = Release|x64
		{3760165C-9740-4D63-9CDD-9E53DBA829A4}.Release|x86.ActiveCfg = Release|Win32
		{3760165C-9740-4D63-9CDD-9E53DBA829A4}.Release|x86.Build.0 = Release|Win32
	EndGlobalSection
	GlobalSection(SolutionProperties) = preSolution
		HideSolutionNode = FALSE
	EndGlobalSection
	GlobalSection(ExtensibilityGlobals) = postSolution
		SolutionGuid = {8177BAC6-0BBD-4AA2-B13C-7B85A6909A88}
	EndGlobalSection
EndGlobal
