
Microsoft Visual Studio Solution File, Format Version 12.00
# Visual Studio 15
VisualStudioVersion = 15.0.28307.168
MinimumVisualStudioVersion = 10.0.40219.1
Project("{8BC9CEB8-8B4A-11D0-8D11-00A0C91BC942}") = "1-CarFactsLab", "1-CarFactsLab\1-CarFactsLab.vcxproj", "{AB5AC906-5D6F-48A0-9384-829FD36AA6A7}"
EndProject
Global
	GlobalSection(SolutionConfigurationPlatforms) = preSolution
		Debug|x64 = Debug|x64
		Debug|x86 = Debug|x86
		Release|x64 = Release|x64
		Release|x86 = Release|x86
	EndGlobalSection
	GlobalSection(ProjectConfigurationPlatforms) = postSolution
		{AB5AC906-5D6F-48A0-9384-829FD36AA6A7}.Debug|x64.ActiveCfg = Debug|x64
		{AB5AC906-5D6F-48A0-9384-829FD36AA6A7}.Debug|x64.Build.0 = Debug|x64
		{AB5AC906-5D6F-48A0-9384-829FD36AA6A7}.Debug|x86.ActiveCfg = Debug|Win32
		{AB5AC906-5D6F-48A0-9384-829FD36AA6A7}.Debug|x86.Build.0 = Debug|Win32
		{AB5AC906-5D6F-48A0-9384-829FD36AA6A7}.Release|x64.ActiveCfg = Release|x64
		{AB5AC906-5D6F-48A0-9384-829FD36AA6A7}.Release|x64.Build.0 = Release|x64
		{AB5AC906-5D6F-48A0-9384-829FD36AA6A7}.Release|x86.ActiveCfg = Release|Win32
		{AB5AC906-5D6F-48A0-9384-829FD36AA6A7}.Release|x86.Build.0 = Release|Win32
	EndGlobalSection
	GlobalSection(SolutionProperties) = preSolution
		HideSolutionNode = FALSE
	EndGlobalSection
	GlobalSection(ExtensibilityGlobals) = postSolution
		SolutionGuid = {CE2ED485-96DA-4A23-8C90-C40A89839D35}
	EndGlobalSection
EndGlobal
